
Microsoft Visual Studio Solution File, Format Version 12.00
# Visual Studio Version 17
VisualStudioVersion = 17.0.32014.148
MinimumVisualStudioVersion = 10.0.40219.1
Project("{8BC9CEB8-8B4A-11D0-8D11-00A0C91BC942}") = "BigCPPTestCases", "BigCPPTestCases.vcxproj", "{2610FBB8-DB65-42DA-933C-AEC54FED80C5}"
EndProject
Project("{8BC9CEB8-8B4A-11D0-8D11-00A0C91BC942}") = "BigCPPSandbox", "..\BigCPPSandbox\BigCPPSandbox.vcxproj", "{ED343A73-BB89-465C-9B02-C0292F4F0444}"
EndProject
Global
	GlobalSection(SolutionConfigurationPlatforms) = preSolution
		Debug|x64 = Debug|x64
		Debug|x86 = Debug|x86
		Release|x64 = Release|x64
		Release|x86 = Release|x86
	EndGlobalSection
	GlobalSection(ProjectConfigurationPlatforms) = postSolution
		{2610FBB8-DB65-42DA-933C-AEC54FED80C5}.Debug|x64.ActiveCfg = Debug|x64
		{2610FBB8-DB65-42DA-933C-AEC54FED80C5}.Debug|x64.Build.0 = Debug|x64
		{2610FBB8-DB65-42DA-933C-AEC54FED80C5}.Debug|x86.ActiveCfg = Debug|Win32
		{2610FBB8-DB65-42DA-933C-AEC54FED80C5}.Debug|x86.Build.0 = Debug|Win32
		{2610FBB8-DB65-42DA-933C-AEC54FED80C5}.Release|x64.ActiveCfg = Release|x64
		{2610FBB8-DB65-42DA-933C-AEC54FED80C5}.Release|x64.Build.0 = Release|x64
		{2610FBB8-DB65-42DA-933C-AEC54FED80C5}.Release|x86.ActiveCfg = Release|Win32
		{2610FBB8-DB65-42DA-933C-AEC54FED80C5}.Release|x86.Build.0 = Release|Win32
		{ED343A73-BB89-465C-9B02-C0292F4F0444}.Debug|x64.ActiveCfg = Debug|x64
		{ED343A73-BB89-465C-9B02-C0292F4F0444}.Debug|x64.Build.0 = Debug|x64
		{ED343A73-BB89-465C-9B02-C0292F4F0444}.Debug|x86.ActiveCfg = Debug|Win32
		{ED343A73-BB89-465C-9B02-C0292F4F0444}.Debug|x86.Build.0 = Debug|Win32
		{ED343A73-BB89-465C-9B02-C0292F4F0444}.Release|x64.ActiveCfg = Release|x64
		{ED343A73-BB89-465C-9B02-C0292F4F0444}.Release|x64.Build.0 = Release|x64
		{ED343A73-BB89-465C-9B02-C0292F4F0444}.Release|x86.ActiveCfg = Release|Win32
		{ED343A73-BB89-465C-9B02-C0292F4F0444}.Release|x86.Build.0 = Release|Win32
	EndGlobalSection
	GlobalSection(SolutionProperties) = preSolution
		HideSolutionNode = FALSE
	EndGlobalSection
	GlobalSection(ExtensibilityGlobals) = postSolution
		SolutionGuid = {7AA4717F-A9C2-4171-B518-0ADAE383C846}
	EndGlobalSection
EndGlobal
